<?xml version="1.0" encoding="utf-8"?>
<Project ToolsVersion="4.0" xmlns="http://schemas.microsoft.com/developer/msbuild/2003">
  <ItemGroup>
    <Filter Include="Source Files">
      <UniqueIdentifier>{4FC737F1-C7A5-4376-A066-2A32D752A2FF}</UniqueIdentifier>
      <Extensions>cpp;c;cc;cxx;def;odl;idl;hpj;bat;asm;asmx</Extensions>
    </Filter>
    <Filter Include="Header Files">
      <UniqueIdentifier>{93995380-89BD-4b04-88EB-625FBE52EBFB}</UniqueIdentifier>
      <Extensions>h;hh;hpp;hxx;hm;inl;inc;xsd</Extensions>
    </Filter>
    <Filter Include="Resource Files">
      <UniqueIdentifier>{67DA6AB6-F800-4c08-8B7A-83BB121AAD01}</UniqueIdentifier>
      <Extensions>rc;ico;cur;bmp;dlg;rc2;rct;bin;rgs;gif;jpg;jpeg;jpe;resx;tiff;tif;png;wav;mfcribbon-ms</Extensions>
    </Filter>
  </ItemGroup>
  <ItemGroup>
    <ClCompile Include="..\..\Bobby%27s Project\Bobby%27s Project\Source\Display.cpp">
      <Filter>Source Files</Filter>
    </ClCompile>
    <ClCompile Include="..\..\Bobby%27s Project\Bobby%27s Project\Source\main.cpp">
      <Filter>Source Files</Filter>
    </ClCompile>
    <ClCompile Include="..\..\Bobby%27s Project\Bobby%27s Project\Source\tinyxml2.cpp">
      <Filter>Source Files</Filter>
    </ClCompile>
  </ItemGroup>
  <ItemGroup>
    <ClInclude Include="..\..\Bobby%27s Project\Bobby%27s Project\Source\BufferDataLoader.h">
      <Filter>Header Files</Filter>
    </ClInclude>
    <ClInclude Include="..\..\Bobby%27s Project\Bobby%27s Project\Source\Camera.h">
      <Filter>Header Files</Filter>
    </ClInclude>
    <ClInclude Include="..\..\Bobby%27s Project\Bobby%27s Project\Source\Chunk.h">
      <Filter>Header Files</Filter>
    </ClInclude>
    <ClInclude Include="..\..\Bobby%27s Project\Bobby%27s Project\Source\ChunkManager.h">
      <Filter>Header Files</Filter>
    </ClInclude>
    <ClInclude Include="..\..\Bobby%27s Project\Bobby%27s Project\Source\ChunkMesh.h">
      <Filter>Header Files</Filter>
    </ClInclude>
    <ClInclude Include="..\..\Bobby%27s Project\Bobby%27s Project\Source\ChunkRenderer.h">
      <Filter>Header Files</Filter>
    </ClInclude>
    <ClInclude Include="..\..\Bobby%27s Project\Bobby%27s Project\Source\ChunkTasks.h">
      <Filter>Header Files</Filter>
    </ClInclude>
    <ClInclude Include="..\..\Bobby%27s Project\Bobby%27s Project\Source\DebugRenderer.h">
      <Filter>Header Files</Filter>
    </ClInclude>
    <ClInclude Include="..\..\Bobby%27s Project\Bobby%27s Project\Source\DebugShader_Positions_Colors.h">
      <Filter>Header Files</Filter>
    </ClInclude>
    <ClInclude Include="..\..\Bobby%27s Project\Bobby%27s Project\Source\Display.h">
      <Filter>Header Files</Filter>
    </ClInclude>
    <ClInclude Include="..\..\Bobby%27s Project\Bobby%27s Project\Source\Entity.h">
      <Filter>Header Files</Filter>
    </ClInclude>
    <ClInclude Include="..\..\Bobby%27s Project\Bobby%27s Project\Source\FPS.h">
      <Filter>Header Files</Filter>
    </ClInclude>
    <ClInclude Include="..\..\Bobby%27s Project\Bobby%27s Project\Source\GLSL_ShaderManager.h">
      <Filter>Header Files</Filter>
    </ClInclude>
    <ClInclude Include="..\..\Bobby%27s Project\Bobby%27s Project\Source\GLSL_ShaderProgram.h">
      <Filter>Header Files</Filter>
    </ClInclude>
    <ClInclude Include="..\..\Bobby%27s Project\Bobby%27s Project\Source\Loader.h">
      <Filter>Header Files</Filter>
    </ClInclude>
    <ClInclude Include="..\..\Bobby%27s Project\Bobby%27s Project\Source\MasterRenderer.h">
      <Filter>Header Files</Filter>
    </ClInclude>
    <ClInclude Include="..\..\Bobby%27s Project\Bobby%27s Project\Source\MeshingTypes.h">
      <Filter>Header Files</Filter>
    </ClInclude>
    <ClInclude Include="..\..\Bobby%27s Project\Bobby%27s Project\Source\ModelTexture.h">
      <Filter>Header Files</Filter>
    </ClInclude>
    <ClInclude Include="..\..\Bobby%27s Project\Bobby%27s Project\Source\Octree.h">
      <Filter>Header Files</Filter>
    </ClInclude>
    <ClInclude Include="..\..\Bobby%27s Project\Bobby%27s Project\Source\RawModel.h">
      <Filter>Header Files</Filter>
    </ClInclude>
    <ClInclude Include="..\..\Bobby%27s Project\Bobby%27s Project\Source\Renderer.h">
      <Filter>Header Files</Filter>
    </ClInclude>
    <ClInclude Include="..\..\Bobby%27s Project\Bobby%27s Project\Source\ShaderProgram_Interface.h">
      <Filter>Header Files</Filter>
    </ClInclude>
    <ClInclude Include="..\..\Bobby%27s Project\Bobby%27s Project\Source\Shapes.h">
      <Filter>Header Files</Filter>
    </ClInclude>
    <ClInclude Include="..\..\Bobby%27s Project\Bobby%27s Project\Source\StaticShader.h">
      <Filter>Header Files</Filter>
    </ClInclude>
    <ClInclude Include="..\..\Bobby%27s Project\Bobby%27s Project\Source\stb_image.h">
      <Filter>Header Files</Filter>
    </ClInclude>
    <ClInclude Include="..\..\Bobby%27s Project\Bobby%27s Project\Source\Texture.h">
      <Filter>Header Files</Filter>
    </ClInclude>
    <ClInclude Include="..\..\Bobby%27s Project\Bobby%27s Project\Source\TexturedModel.h">
      <Filter>Header Files</Filter>
    </ClInclude>
    <ClInclude Include="..\..\Bobby%27s Project\Bobby%27s Project\Source\TextureManager.h">
      <Filter>Header Files</Filter>
    </ClInclude>
    <ClInclude Include="..\..\Bobby%27s Project\Bobby%27s Project\Source\TextureRegion.h">
      <Filter>Header Files</Filter>
    </ClInclude>
    <ClInclude Include="..\..\Bobby%27s Project\Bobby%27s Project\Source\tinyxml2.h">
      <Filter>Header Files</Filter>
    </ClInclude>
    <ClInclude Include="..\..\Bobby%27s Project\Bobby%27s Project\Source\Transform.h">
      <Filter>Header Files</Filter>
    </ClInclude>
    <ClInclude Include="..\..\Bobby%27s Project\Bobby%27s Project\Source\Voxel.h">
      <Filter>Header Files</Filter>
    </ClInclude>
    <ClInclude Include="..\..\Bobby%27s Project\Bobby%27s Project\Source\VoxelType.h">
      <Filter>Header Files</Filter>
    </ClInclude>
    <ClInclude Include="..\..\Bobby%27s Project\Bobby%27s Project\Source\VoxelTypeManager.h">
      <Filter>Header Files</Filter>
    </ClInclude>
    <ClInclude Include="..\..\Bobby%27s Project\Bobby%27s Project\Source\BasicShader.h">
      <Filter>Header Files</Filter>
    </ClInclude>
  </ItemGroup>
  <ItemGroup>
    <None Include="res\basicShader.fs">
      <Filter>Resource Files</Filter>
    </None>
    <None Include="res\basicShader.vs">
      <Filter>Resource Files</Filter>
    </None>
    <None Include="res\DebugShader.vs">
      <Filter>Resource Files</Filter>
    </None>
    <None Include="res\DebugShader.fs">
      <Filter>Resource Files</Filter>
    </None>
  </ItemGroup>
  <ItemGroup>
    <Text Include="res\Test_Positions_Shader.fs">
      <Filter>Resource Files</Filter>
    </Text>
    <Text Include="res\Test_Positions_Shader.vs">
      <Filter>Resource Files</Filter>
    </Text>
  </ItemGroup>
</Project>